{
  "nodes": {
    "agenix": {
      "inputs": {
        "darwin": "darwin",
        "home-manager": "home-manager",
        "nixpkgs": "nixpkgs",
        "systems": "systems"
      },
      "locked": {
        "lastModified": 1770165109,
        "narHash": "sha256-9VnK6Oqai65puVJ4WYtCTvlJeXxMzAp/69HhQuTdl/I=",
        "owner": "ryantm",
        "repo": "agenix",
        "rev": "b027ee29d959fda4b60b57566d64c98a202e0feb",
        "type": "github"
      },
      "original": {
        "owner": "ryantm",
        "repo": "agenix",
        "type": "github"
      }
    },
    "cdk": {
      "inputs": {
        "crane": "crane",
        "dart-overlay": "dart-overlay",
        "fenix": "fenix",
        "flake-utils": "flake-utils_2",
        "nixpkgs": "nixpkgs_2",
        "nixpkgs-unstable": "nixpkgs-unstable",
        "rust-overlay": "rust-overlay"
      },
      "locked": {
        "lastModified": 1776766706,
        "narHash": "sha256-jLNGfeGhr0YHxHPSkL5+cTN1+8p7tq+tjVezpttehB8=",
        "owner": "cashubtc",
        "repo": "cdk",
        "rev": "38928512b440d20e3a6014b57d47e65439f6ab76",
        "type": "github"
      },
      "original": {
        "owner": "cashubtc",
        "repo": "cdk",
        "type": "github"
      }
    },
    "cdkOnchain": {
      "inputs": {
        "crane": "crane_2",
        "dart-overlay": "dart-overlay_2",
        "fenix": "fenix_2",
        "flake-utils": "flake-utils_4",
        "nixpkgs": "nixpkgs_3",
        "nixpkgs-unstable": "nixpkgs-unstable_2",
        "rust-overlay": "rust-overlay_2"
      },
      "locked": {
        "lastModified": 1777484025,
        "narHash": "sha256-BbxfLJ1SRGHhX5rIA/nmm4k8Fm2ZaAdemX3lXpCwB/c=",
        "owner": "thesimplekid",
        "repo": "cdk",
        "rev": "57d26a098d0a7b07639263aed2514f7895d0874a",
        "type": "github"
      },
      "original": {
        "owner": "thesimplekid",
        "ref": "onchain_bdk",
        "repo": "cdk",
        "type": "github"
      }
    },
    "crane": {
      "locked": {
        "lastModified": 1775839657,
        "narHash": "sha256-SPm9ck7jh3Un9nwPuMGbRU04UroFmOHjLP56T10MOeM=",
        "owner": "ipetkov",
        "repo": "crane",
        "rev": "7cf72d978629469c4bd4206b95c402514c1f6000",
        "type": "github"
      },
      "original": {
        "owner": "ipetkov",
        "repo": "crane",
        "type": "github"
      }
    },
    "crane_2": {
      "locked": {
        "lastModified": 1776635034,
        "narHash": "sha256-OEOJrT3ZfwbChzODfIH4GzlNTtOFuZFWPtW7jIeR8xU=",
        "owner": "ipetkov",
        "repo": "crane",
        "rev": "dc7496d8ea6e526b1254b55d09b966e94673750f",
        "type": "github"
      },
      "original": {
        "owner": "ipetkov",
        "repo": "crane",
        "type": "github"
      }
    },
    "dart-overlay": {
      "inputs": {
        "flake-utils": "flake-utils",
        "nixpkgs": [
          "cdk",
          "nixpkgs"
        ]
      },
      "locked": {
        "lastModified": 1776305000,
        "narHash": "sha256-XN/Z5iPCMu56sPmNtSHtr74aZf50BE2nprPWQ01bDa8=",
        "owner": "roman-vanesyan",
        "repo": "dart-overlay",
        "rev": "962baf031cc5146650d141878620602d0e7d3822",
        "type": "github"
      },
      "original": {
        "owner": "roman-vanesyan",
        "repo": "dart-overlay",
        "type": "github"
      }
    },
    "dart-overlay_2": {
      "inputs": {
        "flake-utils": "flake-utils_3",
        "nixpkgs": [
          "cdkOnchain",
          "nixpkgs"
        ]
      },
      "locked": {
        "lastModified": 1776823115,
        "narHash": "sha256-y/flRaJbCtTDRbRuMDRcVbY/QoCI5WYjNnud43zrHbs=",
        "owner": "roman-vanesyan",
        "repo": "dart-overlay",
        "rev": "08a983c4944c2452598862f2af77898f27fdb937",
        "type": "github"
      },
      "original": {
        "owner": "roman-vanesyan",
        "repo": "dart-overlay",
        "type": "github"
      }
    },
    "darwin": {
      "inputs": {
        "nixpkgs": [
          "agenix",
          "nixpkgs"
        ]
      },
      "locked": {
        "lastModified": 1744478979,
        "narHash": "sha256-dyN+teG9G82G+m+PX/aSAagkC+vUv0SgUw3XkPhQodQ=",
        "owner": "lnl7",
        "repo": "nix-darwin",
        "rev": "43975d782b418ebf4969e9ccba82466728c2851b",
        "type": "github"
      },
      "original": {
        "owner": "lnl7",
        "ref": "master",
        "repo": "nix-darwin",
        "type": "github"
      }
    },
    "disko": {
      "inputs": {
        "nixpkgs": [
          "nixpkgs"
        ]
      },
      "locked": {
        "lastModified": 1776613567,
        "narHash": "sha256-gC9Cp5ibBmGD5awCA9z7xy6MW6iJufhazTYJOiGlCUI=",
        "owner": "nix-community",
        "repo": "disko",
        "rev": "32f4236bfc141ae930b5ba2fb604f561fed5219d",
        "type": "github"
      },
      "original": {
        "owner": "nix-community",
        "repo": "disko",
        "type": "github"
      }
    },
    "fenix": {
      "inputs": {
        "nixpkgs": [
          "cdk",
          "nixpkgs"
        ],
        "rust-analyzer-src": [
          "cdk"
        ]
      },
      "locked": {
        "lastModified": 1776326782,
        "narHash": "sha256-QzTHb5vhPVensbkL7+WhemxFYXINcdZB1SQ5EMjG2AU=",
        "owner": "nix-community",
        "repo": "fenix",
        "rev": "47ece0146691d625f10a3d2ec4a2c04fca29a35b",
        "type": "github"
      },
      "original": {
        "owner": "nix-community",
        "repo": "fenix",
        "type": "github"
      }
    },
    "fenix_2": {
      "inputs": {
        "nixpkgs": [
          "cdkOnchain",
          "nixpkgs"
        ],
        "rust-analyzer-src": [
          "cdkOnchain"
        ]
      },
      "locked": {
        "lastModified": 1776845169,
        "narHash": "sha256-Ya6Ba5oC0+PK1TSU4Rkjpoca73mUp6FoHQV5QGnqbx0=",
        "owner": "nix-community",
        "repo": "fenix",
        "rev": "f0b5be1fa2891221ba8b48784f8fded5ef15301f",
        "type": "github"
      },
      "original": {
        "owner": "nix-community",
        "repo": "fenix",
        "type": "github"
      }
    },
    "flake-utils": {
      "inputs": {
        "systems": "systems_2"
      },
      "locked": {
        "lastModified": 1726560853,
        "narHash": "sha256-X6rJYSESBVr3hBoH0WbKE5KvhPU5bloyZ2L4K60/fPQ=",
        "owner": "numtide",
        "repo": "flake-utils",
        "rev": "c1dfcf08411b08f6b8615f7d8971a2bfa81d5e8a",
        "type": "github"
      },
      "original": {
        "owner": "numtide",
        "repo": "flake-utils",
        "type": "github"
      }
    },
    "flake-utils_2": {
      "inputs": {
        "systems": "systems_3"
      },
      "locked": {
        "lastModified": 1731533236,
        "narHash": "sha256-l0KFg5HjrsfsO/JpG+r7fRrqm12kzFHyUHqHCVpMMbI=",
        "owner": "numtide",
        "repo": "flake-utils",
        "rev": "11707dc2f618dd54ca8739b309ec4fc024de578b",
        "type": "github"
      },
      "original": {
        "owner": "numtide",
        "repo": "flake-utils",
        "type": "github"
      }
    },
    "flake-utils_3": {
      "inputs": {
        "systems": "systems_4"
      },
      "locked": {
        "lastModified": 1726560853,
        "narHash": "sha256-X6rJYSESBVr3hBoH0WbKE5KvhPU5bloyZ2L4K60/fPQ=",
        "owner": "numtide",
        "repo": "flake-utils",
        "rev": "c1dfcf08411b08f6b8615f7d8971a2bfa81d5e8a",
        "type": "github"
      },
      "original": {
        "owner": "numtide",
        "repo": "flake-utils",
        "type": "github"
      }
    },
    "flake-utils_4": {
      "inputs": {
        "systems": "systems_5"
      },
      "locked": {
        "lastModified": 1731533236,
        "narHash": "sha256-l0KFg5HjrsfsO/JpG+r7fRrqm12kzFHyUHqHCVpMMbI=",
        "owner": "numtide",
        "repo": "flake-utils",
        "rev": "11707dc2f618dd54ca8739b309ec4fc024de578b",
        "type": "github"
      },
      "original": {
        "owner": "numtide",
        "repo": "flake-utils",
        "type": "github"
      }
    },
    "home-manager": {
      "inputs": {
        "nixpkgs": [
          "agenix",
          "nixpkgs"
        ]
      },
      "locked": {
        "lastModified": 1745494811,
        "narHash": "sha256-YZCh2o9Ua1n9uCvrvi5pRxtuVNml8X2a03qIFfRKpFs=",
        "owner": "nix-community",
        "repo": "home-manager",
        "rev": "abfad3d2958c9e6300a883bd443512c55dfeb1be",
        "type": "github"
      },
      "original": {
        "owner": "nix-community",
        "repo": "home-manager",
        "type": "github"
      }
    },
    "nixpkgs": {
      "locked": {
        "lastModified": 1754028485,
        "narHash": "sha256-IiiXB3BDTi6UqzAZcf2S797hWEPCRZOwyNThJIYhUfk=",
        "owner": "NixOS",
        "repo": "nixpkgs",
        "rev": "59e69648d345d6e8fef86158c555730fa12af9de",
        "type": "github"
      },
      "original": {
        "owner": "NixOS",
        "ref": "nixos-25.05",
        "repo": "nixpkgs",
        "type": "github"
      }
    },
    "nixpkgs-unstable": {
      "locked": {
        "lastModified": 1776255774,
        "narHash": "sha256-psVTpH6PK3q1htMJpmdz1hLF5pQgEshu7gQWgKO6t6Y=",
        "owner": "NixOS",
        "repo": "nixpkgs",
        "rev": "566acc07c54dc807f91625bb286cb9b321b5f42a",
        "type": "github"
      },
      "original": {
        "owner": "NixOS",
        "ref": "nixpkgs-unstable",
        "repo": "nixpkgs",
        "type": "github"
      }
    },
    "nixpkgs-unstable_2": {
      "locked": {
        "lastModified": 1776329215,
        "narHash": "sha256-a8BYi3mzoJ/AcJP8UldOx8emoPRLeWqALZWu4ZvjPXw=",
        "owner": "NixOS",
        "repo": "nixpkgs",
        "rev": "b86751bc4085f48661017fa226dee99fab6c651b",
        "type": "github"
      },
      "original": {
        "owner": "NixOS",
        "ref": "nixpkgs-unstable",
        "repo": "nixpkgs",
        "type": "github"
      }
    },
    "nixpkgs_2": {
      "locked": {
        "lastModified": 1776067740,
        "narHash": "sha256-B35lpsqnSZwn1Lmz06BpwF7atPgFmUgw1l8KAV3zpVQ=",
        "owner": "NixOS",
        "repo": "nixpkgs",
        "rev": "7e495b747b51f95ae15e74377c5ce1fe69c1765f",
        "type": "github"
      },
      "original": {
        "owner": "NixOS",
        "ref": "nixos-25.11",
        "repo": "nixpkgs",
        "type": "github"
      }
    },
    "nixpkgs_3": {
      "locked": {
        "lastModified": 1776560675,
        "narHash": "sha256-p68udKWWh7+V4ZPpcMDq0gTHWNZJnr4JPI+kHPPE40o=",
        "owner": "NixOS",
        "repo": "nixpkgs",
        "rev": "e07580dae39738e46609eaab8b154de2488133ce",
        "type": "github"
      },
      "original": {
        "owner": "NixOS",
        "ref": "nixos-25.11",
        "repo": "nixpkgs",
        "type": "github"
      }
    },
    "nixpkgs_4": {
      "locked": {
        "lastModified": 1776560675,
        "narHash": "sha256-p68udKWWh7+V4ZPpcMDq0gTHWNZJnr4JPI+kHPPE40o=",
        "owner": "NixOS",
        "repo": "nixpkgs",
        "rev": "e07580dae39738e46609eaab8b154de2488133ce",
        "type": "github"
      },
      "original": {
        "owner": "NixOS",
        "ref": "nixos-25.11",
        "repo": "nixpkgs",
        "type": "github"
      }
    },
    "root": {
      "inputs": {
        "agenix": "agenix",
        "cdk": "cdk",
        "cdkOnchain": "cdkOnchain",
        "disko": "disko",
        "nixpkgs": "nixpkgs_4"
      }
    },
    "rust-overlay": {
      "inputs": {
        "nixpkgs": [
          "cdk",
          "nixpkgs"
        ]
      },
      "locked": {
        "lastModified": 1776309239,
        "narHash": "sha256-XzTecca59093jBsVAE4PVAMcJO+PAYHYHBPRnOR8iWs=",
        "owner": "oxalica",
        "repo": "rust-overlay",
        "rev": "3717ee024da7b0a20744f12c39b41e27cbc12f2d",
        "type": "github"
      },
      "original": {
        "owner": "oxalica",
        "repo": "rust-overlay",
        "type": "github"
      }
    },
    "rust-overlay_2": {
      "inputs": {
        "nixpkgs": [
          "cdkOnchain",
          "nixpkgs"
        ]
      },
      "locked": {
        "lastModified": 1776827647,
        "narHash": "sha256-sYixYhp5V8jCajO8TRorE4fzs7IkL4MZdfLTKgkPQBk=",
        "owner": "oxalica",
        "repo": "rust-overlay",
        "rev": "40e6ccc06e1245a4837cbbd6bdda64e21cc67379",
        "type": "github"
      },
      "original": {
        "owner": "oxalica",
        "repo": "rust-overlay",
        "type": "github"
      }
    },
    "systems": {
      "locked": {
        "lastModified": 1681028828,
        "narHash": "sha256-Vy1rq5AaRuLzOxct8nz4T6wlgyUR7zLU309k9mBC768=",
        "owner": "nix-systems",
        "repo": "default",
        "rev": "da67096a3b9bf56a91d16901293e51ba5b49a27e",
        "type": "github"
      },
      "original": {
        "owner": "nix-systems",
        "repo": "default",
        "type": "github"
      }
    },
    "systems_2": {
      "locked": {
        "lastModified": 1681028828,
        "narHash": "sha256-Vy1rq5AaRuLzOxct8nz4T6wlgyUR7zLU309k9mBC768=",
        "owner": "nix-systems",
        "repo": "default",
        "rev": "da67096a3b9bf56a91d16901293e51ba5b49a27e",
        "type": "github"
      },
      "original": {
        "owner": "nix-systems",
        "repo": "default",
        "type": "github"
      }
    },
    "systems_3": {
      "locked": {
        "lastModified": 1681028828,
        "narHash": "sha256-Vy1rq5AaRuLzOxct8nz4T6wlgyUR7zLU309k9mBC768=",
        "owner": "nix-systems",
        "repo": "default",
        "rev": "da67096a3b9bf56a91d16901293e51ba5b49a27e",
        "type": "github"
      },
      "original": {
        "owner": "nix-systems",
        "repo": "default",
        "type": "github"
      }
    },
    "systems_4": {
      "locked": {
        "lastModified": 1681028828,
        "narHash": "sha256-Vy1rq5AaRuLzOxct8nz4T6wlgyUR7zLU309k9mBC768=",
        "owner": "nix-systems",
        "repo": "default",
        "rev": "da67096a3b9bf56a91d16901293e51ba5b49a27e",
        "type": "github"
      },
      "original": {
        "owner": "nix-systems",
        "repo": "default",
        "type": "github"
      }
    },
    "systems_5": {
      "locked": {
        "lastModified": 1681028828,
        "narHash": "sha256-Vy1rq5AaRuLzOxct8nz4T6wlgyUR7zLU309k9mBC768=",
        "owner": "nix-systems",
        "repo": "default",
        "rev": "da67096a3b9bf56a91d16901293e51ba5b49a27e",
        "type": "github"
      },
      "original": {
        "owner": "nix-systems",
        "repo": "default",
        "type": "github"
      }
    }
  },
  "root": "root",
  "version": 7
}
